<?xml version="1.0" encoding="utf-8"?>
<Project ToolsVersion="4.0" xmlns="http://schemas.microsoft.com/developer/msbuild/2003">
  <ItemGroup>
    <Filter Include="Source Files">
      <UniqueIdentifier>{4FC737F1-C7A5-4376-A066-2A32D752A2FF}</UniqueIdentifier>
      <Extensions>cpp;c;cc;cxx;def;odl;idl;hpj;bat;asm;asmx</Extensions>
    </Filter>
    <Filter Include="Header Files">
      <UniqueIdentifier>{93995380-89BD-4b04-88EB-625FBE52EBFB}</UniqueIdentifier>
      <Extensions>h;hh;hpp;hxx;hm;inl;inc;xsd</Extensions>
    </Filter>
    <Filter Include="Resource Files">
      <UniqueIdentifier>{67DA6AB6-F800-4c08-8B7A-83BB121AAD01}</UniqueIdentifier>
      <Extensions>rc;ico;cur;bmp;dlg;rc2;rct;bin;rgs;gif;jpg;jpeg;jpe;resx;tiff;tif;png;wav;mfcribbon-ms</Extensions>
    </Filter>
    <Filter Include="shaders">
      <UniqueIdentifier>{5d6344c9-5273-496e-8e65-06fdf47bee08}</UniqueIdentifier>
    </Filter>
    <Filter Include="shaders\autogen">
      <UniqueIdentifier>{69042dd7-0915-411e-8544-b7ff50e8c2a1}</UniqueIdentifier>
    </Filter>
  </ItemGroup>
  <ItemGroup>
    <FxCompile Include="VS_WithoutGS.hlsl">
      <Filter>shaders</Filter>
    </FxCompile>
    <FxCompile Include="GS.hlsl">
      <Filter>shaders</Filter>
    </FxCompile>
    <FxCompile Include="VS_WithGS.hlsl">
      <Filter>shaders</Filter>
    </FxCompile>
    <FxCompile Include="PS.hlsl">
      <Filter>shaders</Filter>
    </FxCompile>
    <FxCompile Include="VS_Uninstanced.hlsl">
      <Filter>shaders</Filter>
    </FxCompile>
  </ItemGroup>
  <ItemGroup>
    <ClInclude Include="ShaderAutoGen\GS.h">
      <Filter>shaders\autogen</Filter>
    </ClInclude>
    <ClInclude Include="ShaderAutoGen\PS.h">
      <Filter>shaders\autogen</Filter>
    </ClInclude>
    <ClInclude Include="ShaderAutoGen\VS_WithGS.h">
      <Filter>shaders\autogen</Filter>
    </ClInclude>
    <ClInclude Include="ShaderAutoGen\VS_WithoutGS.h">
      <Filter>shaders\autogen</Filter>
    </ClInclude>
    <ClInclude Include="ShaderAutoGen\VS_Uninstanced.h">
      <Filter>shaders\autogen</Filter>
    </ClInclude>
  </ItemGroup>
  <ItemGroup>
    <ClCompile Include="GSCubes.cpp">
      <Filter>Source Files</Filter>
    </ClCompile>
  </ItemGroup>
</Project>