
Microsoft Visual Studio Solution File, Format Version 12.00
# Visual Studio 2013
VisualStudioVersion = 12.0.30324.0
MinimumVisualStudioVersion = 10.0.40219.1
Project("{8BC9CEB8-8B4A-11D0-8D11-00A0C91BC942}") = "GSCubes", "GSCubes.vcxproj", "{AFD3D831-662D-443F-97B0-4C2DEDA9079D}"
EndProject
Project("{8BC9CEB8-8B4A-11D0-8D11-00A0C91BC942}") = "Simpleton", "Simpleton\build\msvc2013\Simpleton.vcxproj", "{7D98EF05-AAEB-4A55-8425-28CBBCBE6754}"
EndProject
Project("{8BC9CEB8-8B4A-11D0-8D11-00A0C91BC942}") = "SimpletonDX11", "Simpleton\build\msvc2013\SimpletonDX11.vcxproj", "{D557A623-7946-446C-B7C9-A5927D850CFF}"
EndProject
Global
	GlobalSection(SolutionConfigurationPlatforms) = preSolution
		Debug|Win32 = Debug|Win32
		Debug|x64 = Debug|x64
		Release|Win32 = Release|Win32
		Release|x64 = Release|x64
	EndGlobalSection
	GlobalSection(ProjectConfigurationPlatforms) = postSolution
		{AFD3D831-662D-443F-97B0-4C2DEDA9079D}.Debug|Win32.ActiveCfg = Debug|Win32
		{AFD3D831-662D-443F-97B0-4C2DEDA9079D}.Debug|Win32.Build.0 = Debug|Win32
		{AFD3D831-662D-443F-97B0-4C2DEDA9079D}.Debug|x64.ActiveCfg = Debug|x64
		{AFD3D831-662D-443F-97B0-4C2DEDA9079D}.Debug|x64.Build.0 = Debug|x64
		{AFD3D831-662D-443F-97B0-4C2DEDA9079D}.Release|Win32.ActiveCfg = Release|Win32
		{AFD3D831-662D-443F-97B0-4C2DEDA9079D}.Release|Win32.Build.0 = Release|Win32
		{AFD3D831-662D-443F-97B0-4C2DEDA9079D}.Release|x64.ActiveCfg = Release|x64
		{AFD3D831-662D-443F-97B0-4C2DEDA9079D}.Release|x64.Build.0 = Release|x64
		{7D98EF05-AAEB-4A55-8425-28CBBCBE6754}.Debug|Win32.ActiveCfg = Debug|Win32
		{7D98EF05-AAEB-4A55-8425-28CBBCBE6754}.Debug|Win32.Build.0 = Debug|Win32
		{7D98EF05-AAEB-4A55-8425-28CBBCBE6754}.Debug|x64.ActiveCfg = Debug|x64
		{7D98EF05-AAEB-4A55-8425-28CBBCBE6754}.Debug|x64.Build.0 = Debug|x64
		{7D98EF05-AAEB-4A55-8425-28CBBCBE6754}.Release|Win32.ActiveCfg = Release|Win32
		{7D98EF05-AAEB-4A55-8425-28CBBCBE6754}.Release|Win32.Build.0 = Release|Win32
		{7D98EF05-AAEB-4A55-8425-28CBBCBE6754}.Release|x64.ActiveCfg = Release|x64
		{7D98EF05-AAEB-4A55-8425-28CBBCBE6754}.Release|x64.Build.0 = Release|x64
		{D557A623-7946-446C-B7C9-A5927D850CFF}.Debug|Win32.ActiveCfg = Debug|Win32
		{D557A623-7946-446C-B7C9-A5927D850CFF}.Debug|Win32.Build.0 = Debug|Win32
		{D557A623-7946-446C-B7C9-A5927D850CFF}.Debug|x64.ActiveCfg = Debug|x64
		{D557A623-7946-446C-B7C9-A5927D850CFF}.Debug|x64.Build.0 = Debug|x64
		{D557A623-7946-446C-B7C9-A5927D850CFF}.Release|Win32.ActiveCfg = Release|Win32
		{D557A623-7946-446C-B7C9-A5927D850CFF}.Release|Win32.Build.0 = Release|Win32
		{D557A623-7946-446C-B7C9-A5927D850CFF}.Release|x64.ActiveCfg = Release|x64
		{D557A623-7946-446C-B7C9-A5927D850CFF}.Release|x64.Build.0 = Release|x64
	EndGlobalSection
	GlobalSection(SolutionProperties) = preSolution
		HideSolutionNode = FALSE
	EndGlobalSection
EndGlobal
